
Microsoft Visual Studio Solution File, Format Version 12.00
# Visual Studio Version 16
VisualStudioVersion = 16.0.30608.117
MinimumVisualStudioVersion = 10.0.40219.1
Project("{9A19103F-16F7-4668-BE54-9A1E7A4F7556}") = "TestPerform5proto.Server", "TestPerform5proto\Server\TestPerform5proto.Server.csproj", "{03AD8143-F298-41C9-B360-F3E150927E54}"
EndProject
Project("{9A19103F-16F7-4668-BE54-9A1E7A4F7556}") = "TestPerform5proto.Client", "TestPerform5proto\Client\TestPerform5proto.Client.csproj", "{2ACB5255-A4EF-4017-B0C6-EEB3935AD5A4}"
EndProject
Project("{9A19103F-16F7-4668-BE54-9A1E7A4F7556}") = "TestPerform5proto.Shared", "TestPerform5proto\Shared\TestPerform5proto.Shared.csproj", "{220D6D4B-3C6E-4185-9D72-B88B4376F6E1}"
EndProject
Global
	GlobalSection(SolutionConfigurationPlatforms) = preSolution
		Debug|Any CPU = Debug|Any CPU
		Release|Any CPU = Release|Any CPU
	EndGlobalSection
	GlobalSection(ProjectConfigurationPlatforms) = postSolution
		{03AD8143-F298-41C9-B360-F3E150927E54}.Debug|Any CPU.ActiveCfg = Debug|Any CPU
		{03AD8143-F298-41C9-B360-F3E150927E54}.Debug|Any CPU.Build.0 = Debug|Any CPU
		{03AD8143-F298-41C9-B360-F3E150927E54}.Release|Any CPU.ActiveCfg = Release|Any CPU
		{03AD8143-F298-41C9-B360-F3E150927E54}.Release|Any CPU.Build.0 = Release|Any CPU
		{2ACB5255-A4EF-4017-B0C6-EEB3935AD5A4}.Debug|Any CPU.ActiveCfg = Debug|Any CPU
		{2ACB5255-A4EF-4017-B0C6-EEB3935AD5A4}.Debug|Any CPU.Build.0 = Debug|Any CPU
		{2ACB5255-A4EF-4017-B0C6-EEB3935AD5A4}.Release|Any CPU.ActiveCfg = Release|Any CPU
		{2ACB5255-A4EF-4017-B0C6-EEB3935AD5A4}.Release|Any CPU.Build.0 = Release|Any CPU
		{220D6D4B-3C6E-4185-9D72-B88B4376F6E1}.Debug|Any CPU.ActiveCfg = Debug|Any CPU
		{220D6D4B-3C6E-4185-9D72-B88B4376F6E1}.Debug|Any CPU.Build.0 = Debug|Any CPU
		{220D6D4B-3C6E-4185-9D72-B88B4376F6E1}.Release|Any CPU.ActiveCfg = Release|Any CPU
		{220D6D4B-3C6E-4185-9D72-B88B4376F6E1}.Release|Any CPU.Build.0 = Release|Any CPU
	EndGlobalSection
	GlobalSection(SolutionProperties) = preSolution
		HideSolutionNode = FALSE
	EndGlobalSection
	GlobalSection(ExtensibilityGlobals) = postSolution
		SolutionGuid = {59DED8CA-FC9F-4B9A-A32E-425F0CBF4EAC}
	EndGlobalSection
EndGlobal
